// !$*UTF8*$!
{
	archiveVersion = 1;
	classes = {
	};
	objectVersion = 46;
	objects = {

/* Begin PBXBuildFile section */
		281A47191E66842E00B6E400 /* AppDelegate.swift in Sources */ = {isa = PBXBuildFile; fileRef = 281A47181E66842E00B6E400 /* AppDelegate.swift */; };
		281A471B1E66842E00B6E400 /* ViewController.swift in Sources */ = {isa = PBXBuildFile; fileRef = 281A471A1E66842E00B6E400 /* ViewController.swift */; };
		281A471E1E66842E00B6E400 /* Main.storyboard in Resources */ = {isa = PBXBuildFile; fileRef = 281A471C1E66842E00B6E400 /* Main.storyboard */; };
		281A47201E66842E00B6E400 /* Assets.xcassets in Resources */ = {isa = PBXBuildFile; fileRef = 281A471F1E66842E00B6E400 /* Assets.xcassets */; };
		281A47231E66842E00B6E400 /* LaunchScreen.storyboard in Resources */ = {isa = PBXBuildFile; fileRef = 281A47211E66842E00B6E400 /* LaunchScreen.storyboard */; };
		28F49A991E66AB80006C077B /* AddressTableViewCell.swift in Sources */ = {isa = PBXBuildFile; fileRef = 28F49A981E66AB80006C077B /* AddressTableViewCell.swift */; };
		332EC098F9EF7BE66B08F0D8 /* Pods_AlarmoFireStart.framework in Frameworks */ = {isa = PBXBuildFile; fileRef = 861ED63B10449326249EB8BD /* Pods_AlarmoFireStart.framework */; };
/* End PBXBuildFile section */

/* Begin PBXFileReference section */
		281A47151E66842E00B6E400 /* AlarmoFireStart.app */ = {isa = PBXFileReference; explicitFileType = wrapper.application; includeInIndex = 0; path = AlarmoFireStart.app; sourceTree = BUILT_PRODUCTS_DIR; };
		281A47181E66842E00B6E400 /* AppDelegate.swift */ = {isa = PBXFileReference; lastKnownFileType = sourcecode.swift; path = AppDelegate.swift; sourceTree = "<group>"; };
		281A471A1E66842E00B6E400 /* ViewController.swift */ = {isa = PBXFileReference; lastKnownFileType = sourcecode.swift; path = ViewController.swift; sourceTree = "<group>"; };
		281A471D1E66842E00B6E400 /* Base */ = {isa = PBXFileReference; lastKnownFileType = file.storyboard; name = Base; path = Base.lproj/Main.storyboard; sourceTree = "<group>"; };
		281A471F1E66842E00B6E400 /* Assets.xcassets */ = {isa = PBXFileReference; lastKnownFileType = folder.assetcatalog; path = Assets.xcassets; sourceTree = "<group>"; };
		281A47221E66842E00B6E400 /* Base */ = {isa = PBXFileReference; lastKnownFileType = file.storyboard; name = Base; path = Base.lproj/LaunchScreen.storyboard; sourceTree = "<group>"; };
		281A47241E66842E00B6E400 /* Info.plist */ = {isa = PBXFileReference; lastKnownFileType = text.plist.xml; path = Info.plist; sourceTree = "<group>"; };
		28F49A981E66AB80006C077B /* AddressTableViewCell.swift */ = {isa = PBXFileReference; fileEncoding = 4; lastKnownFileType = sourcecode.swift; path = AddressTableViewCell.swift; sourceTree = "<group>"; };
		7A3799069DB8EF6C593C3B78 /* Pods-AlarmoFireStart.release.xcconfig */ = {isa = PBXFileReference; includeInIndex = 1; lastKnownFileType = text.xcconfig; name = "Pods-AlarmoFireStart.release.xcconfig"; path = "Pods/Target Support Files/Pods-AlarmoFireStart/Pods-AlarmoFireStart.release.xcconfig"; sourceTree = "<group>"; };
		861ED63B10449326249EB8BD /* Pods_AlarmoFireStart.framework */ = {isa = PBXFileReference; explicitFileType = wrapper.framework; includeInIndex = 0; path = Pods_AlarmoFireStart.framework; sourceTree = BUILT_PRODUCTS_DIR; };
		E04AD6C646AE0F4B4BC58253 /* Pods-AlarmoFireStart.debug.xcconfig */ = {isa = PBXFileReference; includeInIndex = 1; lastKnownFileType = text.xcconfig; name = "Pods-AlarmoFireStart.debug.xcconfig"; path = "Pods/Target Support Files/Pods-AlarmoFireStart/Pods-AlarmoFireStart.debug.xcconfig"; sourceTree = "<group>"; };
/* End PBXFileReference section */

/* Begin PBXFrameworksBuildPhase section */
		281A47121E66842D00B6E400 /* Frameworks */ = {
			isa = PBXFrameworksBuildPhase;
			buildActionMask = 2147483647;
			files = (
				332EC098F9EF7BE66B08F0D8 /* Pods_AlarmoFireStart.framework in Frameworks */,
			);
			runOnlyForDeploymentPostprocessing = 0;
		};
/* End PBXFrameworksBuildPhase section */

/* Begin PBXGroup section */
		281A470C1E66842D00B6E400 = {
			isa = PBXGroup;
			children = (
				281A47171E66842E00B6E400 /* AlarmoFireStart */,
				281A47161E66842E00B6E400 /* Products */,
				7AA1B3D5ACD884B57D6E1CAB /* Pods */,
				830B183C2074297EA10E5C8F /* Frameworks */,
			);
			sourceTree = "<group>";
		};
		281A47161E66842E00B6E400 /* Products */ = {
			isa = PBXGroup;
			children = (
				281A47151E66842E00B6E400 /* AlarmoFireStart.app */,
			);
			name = Products;
			sourceTree = "<group>";
		};
		281A47171E66842E00B6E400 /* AlarmoFireStart */ = {
			isa = PBXGroup;
			children = (
				281A47181E66842E00B6E400 /* AppDelegate.swift */,
				281A471A1E66842E00B6E400 /* ViewController.swift */,
				281A471C1E66842E00B6E400 /* Main.storyboard */,
				281A471F1E66842E00B6E400 /* Assets.xcassets */,
				281A47211E66842E00B6E400 /* LaunchScreen.storyboard */,
				281A47241E66842E00B6E400 /* Info.plist */,
				28F49A981E66AB80006C077B /* AddressTableViewCell.swift */,
			);
			path = AlarmoFireStart;
			sourceTree = "<group>";
		};
		7AA1B3D5ACD884B57D6E1CAB /* Pods */ = {
			isa = PBXGroup;
			children = (
				E04AD6C646AE0F4B4BC58253 /* Pods-AlarmoFireStart.debug.xcconfig */,
				7A3799069DB8EF6C593C3B78 /* Pods-AlarmoFireStart.release.xcconfig */,
			);
			name = Pods;
			sourceTree = "<group>";
		};
		830B183C2074297EA10E5C8F /* Frameworks */ = {
			isa = PBXGroup;
			children = (
				861ED63B10449326249EB8BD /* Pods_AlarmoFireStart.framework */,
			);
			name = Frameworks;
			sourceTree = "<group>";
		};
/* End PBXGroup section */

/* Begin PBXNativeTarget section */
		281A47141E66842D00B6E400 /* AlarmoFireStart */ = {
			isa = PBXNativeTarget;
			buildConfigurationList = 281A47271E66842E00B6E400 /* Build configuration list for PBXNativeTarget "AlarmoFireStart" */;
			buildPhases = (
				B5D99F96670104D38383E344 /* [CP] Check Pods Manifest.lock */,
				281A47111E66842D00B6E400 /* Sources */,
				281A47121E66842D00B6E400 /* Frameworks */,
				281A47131E66842D00B6E400 /* Resources */,
				86D3D522F806740B1C3D00F1 /* [CP] Embed Pods Frameworks */,
				BCFE573B2A782330D59C77F3 /* [CP] Copy Pods Resources */,
			);
			buildRules = (
			);
			dependencies = (
			);
			name = AlarmoFireStart;
			productName = AlarmoFireStart;
			productReference = 281A47151E66842E00B6E400 /* AlarmoFireStart.app */;
			productType = "com.apple.product-type.application";
		};
/* End PBXNativeTarget section */

/* Begin PBXProject section */
		281A470D1E66842D00B6E400 /* Project object */ = {
			isa = PBXProject;
			attributes = {
				LastSwiftUpdateCheck = 0820;
				LastUpgradeCheck = 0820;
				ORGANIZATIONNAME = "Vansa Pha";
				TargetAttributes = {
					281A47141E66842D00B6E400 = {
						CreatedOnToolsVersion = 8.2;
						DevelopmentTeam = PG98TTFS9P;
						ProvisioningStyle = Automatic;
					};
				};
			};
			buildConfigurationList = 281A47101E66842D00B6E400 /* Build configuration list for PBXProject "AlarmoFireStart" */;
			compatibilityVersion = "Xcode 3.2";
			developmentRegion = English;
			hasScannedForEncodings = 0;
			knownRegions = (
				en,
				Base,
			);
			mainGroup = 281A470C1E66842D00B6E400;
			productRefGroup = 281A47161E66842E00B6E400 /* Products */;
			projectDirPath = "";
			projectRoot = "";
			targets = (
				281A47141E66842D00B6E400 /* AlarmoFireStart */,
			);
		};
/* End PBXProject section */

/* Begin PBXResourcesBuildPhase section */
		281A47131E66842D00B6E400 /* Resources */ = {
			isa = PBXResourcesBuildPhase;
			buildActionMask = 2147483647;
			files = (
				281A47231E66842E00B6E400 /* LaunchScreen.storyboard in Resources */,
				281A47201E66842E00B6E400 /* Assets.xcassets in Resources */,
				281A471E1E66842E00B6E400 /* Main.storyboard in Resources */,
			);
			runOnlyForDeploymentPostprocessing = 0;
		};
/* End PBXResourcesBuildPhase section */

/* Begin PBXShellScriptBuildPhase section */
		86D3D522F806740B1C3D00F1 /* [CP] Embed Pods Frameworks */ = {
			isa = PBXShellScriptBuildPhase;
			buildActionMask = 2147483647;
			files = (
			);
			inputPaths = (
			);
			name = "[CP] Embed Pods Frameworks";
			outputPaths = (
			);
			runOnlyForDeploymentPostprocessing = 0;
			shellPath = /bin/sh;
			shellScript = "\"${SRCROOT}/Pods/Target Support Files/Pods-AlarmoFireStart/Pods-AlarmoFireStart-frameworks.sh\"\n";
			showEnvVarsInLog = 0;
		};
		B5D99F96670104D38383E344 /* [CP] Check Pods Manifest.lock */ = {
			isa = PBXShellScriptBuildPhase;
			buildActionMask = 2147483647;
			files = (
			);
			inputPaths = (
			);
			name = "[CP] Check Pods Manifest.lock";
			outputPaths = (
			);
			runOnlyForDeploymentPostprocessing = 0;
			shellPath = /bin/sh;
			shellScript = "diff \"${PODS_ROOT}/../Podfile.lock\" \"${PODS_ROOT}/Manifest.lock\" > /dev/null\nif [ $? != 0 ] ; then\n    # print error to STDERR\n    echo \"error: The sandbox is not in sync with the Podfile.lock. Run 'pod install' or update your CocoaPods installation.\" >&2\n    exit 1\nfi\n";
			showEnvVarsInLog = 0;
		};
		BCFE573B2A782330D59C77F3 /* [CP] Copy Pods Resources */ = {
			isa = PBXShellScriptBuildPhase;
			buildActionMask = 2147483647;
			files = (
			);
			inputPaths = (
			);
			name = "[CP] Copy Pods Resources";
			outputPaths = (
			);
			runOnlyForDeploymentPostprocessing = 0;
			shellPath = /bin/sh;
			shellScript = "\"${SRCROOT}/Pods/Target Support Files/Pods-AlarmoFireStart/Pods-AlarmoFireStart-resources.sh\"\n";
			showEnvVarsInLog = 0;
		};
/* End PBXShellScriptBuildPhase section */

/* Begin PBXSourcesBuildPhase section */
		281A47111E66842D00B6E400 /* Sources */ = {
			isa = PBXSourcesBuildPhase;
			buildActionMask = 2147483647;
			files = (
				28F49A991E66AB80006C077B /* AddressTableViewCell.swift in Sources */,
				281A471B1E66842E00B6E400 /* ViewController.swift in Sources */,
				281A47191E66842E00B6E400 /* AppDelegate.swift in Sources */,
			);
			runOnlyForDeploymentPostprocessing = 0;
		};
/* End PBXSourcesBuildPhase section */

/* Begin PBXVariantGroup section */
		281A471C1E66842E00B6E400 /* Main.storyboard */ = {
			isa = PBXVariantGroup;
			children = (
				281A471D1E66842E00B6E400 /* Base */,
			);
			name = Main.storyboard;
			sourceTree = "<group>";
		};
		281A47211E66842E00B6E400 /* LaunchScreen.storyboard */ = {
			isa = PBXVariantGroup;
			children = (
				281A47221E66842E00B6E400 /* Base */,
			);
			name = LaunchScreen.storyboard;
			sourceTree = "<group>";
		};
/* End PBXVariantGroup section */

/* Begin XCBuildConfiguration section */
		281A47251E66842E00B6E400 /* Debug */ = {
			isa = XCBuildConfiguration;
			buildSettings = {
				ALWAYS_SEARCH_USER_PATHS = NO;
				CLANG_ANALYZER_NONNULL = YES;
				CLANG_CXX_LANGUAGE_STANDARD = "gnu++0x";
				CLANG_CXX_LIBRARY = "libc++";
				CLANG_ENABLE_MODULES = YES;
				CLANG_ENABLE_OBJC_ARC = YES;
				CLANG_WARN_BOOL_CONVERSION = YES;
				CLANG_WARN_CONSTANT_CONVERSION = YES;
				CLANG_WARN_DIRECT_OBJC_ISA_USAGE = YES_ERROR;
				CLANG_WARN_DOCUMENTATION_COMMENTS = YES;
				CLANG_WARN_EMPTY_BODY = YES;
				CLANG_WARN_ENUM_CONVERSION = YES;
				CLANG_WARN_INFINITE_RECURSION = YES;
				CLANG_WARN_INT_CONVERSION = YES;
				CLANG_WARN_OBJC_ROOT_CLASS = YES_ERROR;
				CLANG_WARN_SUSPICIOUS_MOVE = YES;
				CLANG_WARN_UNREACHABLE_CODE = YES;
				CLANG_WARN__DUPLICATE_METHOD_MATCH = YES;
				"CODE_SIGN_IDENTITY[sdk=iphoneos*]" = "iPhone Developer";
				COPY_PHASE_STRIP = NO;
				DEBUG_INFORMATION_FORMAT = dwarf;
				ENABLE_STRICT_OBJC_MSGSEND = YES;
				ENABLE_TESTABILITY = YES;
				GCC_C_LANGUAGE_STANDARD = gnu99;
				GCC_DYNAMIC_NO_PIC = NO;
				GCC_NO_COMMON_BLOCKS = YES;
				GCC_OPTIMIZATION_LEVEL = 0;
				GCC_PREPROCESSOR_DEFINITIONS = (
					"DEBUG=1",
					"$(inherited)",
				);
				GCC_WARN_64_TO_32_BIT_CONVERSION = YES;
				GCC_WARN_ABOUT_RETURN_TYPE = YES_ERROR;
				GCC_WARN_UNDECLARED_SELECTOR = YES;
				GCC_WARN_UNINITIALIZED_AUTOS = YES_AGGRESSIVE;
				GCC_WARN_UNUSED_FUNCTION = YES;
				GCC_WARN_UNUSED_VARIABLE = YES;
				IPHONEOS_DEPLOYMENT_TARGET = 10.2;
				MTL_ENABLE_DEBUG_INFO = YES;
				ONLY_ACTIVE_ARCH = YES;
				SDKROOT = iphoneos;
				SWIFT_ACTIVE_COMPILATION_CONDITIONS = DEBUG;
				SWIFT_OPTIMIZATION_LEVEL = "-Onone";
				TARGETED_DEVICE_FAMILY = "1,2";
			};
			name = Debug;
		};
		281A47261E66842E00B6E400 /* Release */ = {
			isa = XCBuildConfiguration;
			buildSettings = {
				ALWAYS_SEARCH_USER_PATHS = NO;
				CLANG_ANALYZER_NONNULL = YES;
				CLANG_CXX_LANGUAGE_STANDARD = "gnu++0x";
				CLANG_CXX_LIBRARY = "libc++";
				CLANG_ENABLE_MODULES = YES;
				CLANG_ENABLE_OBJC_ARC = YES;
				CLANG_WARN_BOOL_CONVERSION = YES;
				CLANG_WARN_CONSTANT_CONVERSION = YES;
				CLANG_WARN_DIRECT_OBJC_ISA_USAGE = YES_ERROR;
				CLANG_WARN_DOCUMENTATION_COMMENTS = YES;
				CLANG_WARN_EMPTY_BODY = YES;
				CLANG_WARN_ENUM_CONVERSION = YES;
				CLANG_WARN_INFINITE_RECURSION = YES;
				CLANG_WARN_INT_CONVERSION = YES;
				CLANG_WARN_OBJC_ROOT_CLASS = YES_ERROR;
				CLANG_WARN_SUSPICIOUS_MOVE = YES;
				CLANG_WARN_UNREACHABLE_CODE = YES;
				CLANG_WARN__DUPLICATE_METHOD_MATCH = YES;
				"CODE_SIGN_IDENTITY[sdk=iphoneos*]" = "iPhone Developer";
				COPY_PHASE_STRIP = NO;
				DEBUG_INFORMATION_FORMAT = "dwarf-with-dsym";
				ENABLE_NS_ASSERTIONS = NO;
				ENABLE_STRICT_OBJC_MSGSEND = YES;
				GCC_C_LANGUAGE_STANDARD = gnu99;
				GCC_NO_COMMON_BLOCKS = YES;
				GCC_WARN_64_TO_32_BIT_CONVERSION = YES;
				GCC_WARN_ABOUT_RETURN_TYPE = YES_ERROR;
				GCC_WARN_UNDECLARED_SELECTOR = YES;
				GCC_WARN_UNINITIALIZED_AUTOS = YES_AGGRESSIVE;
				GCC_WARN_UNUSED_FUNCTION = YES;
				GCC_WARN_UNUSED_VARIABLE = YES;
				IPHONEOS_DEPLOYMENT_TARGET = 10.2;
				MTL_ENABLE_DEBUG_INFO = NO;
				SDKROOT = iphoneos;
				SWIFT_OPTIMIZATION_LEVEL = "-Owholemodule";
				TARGETED_DEVICE_FAMILY = "1,2";
				VALIDATE_PRODUCT = YES;
			};
			name = Release;
		};
		281A47281E66842E00B6E400 /* Debug */ = {
			isa = XCBuildConfiguration;
			baseConfigurationReference = E04AD6C646AE0F4B4BC58253 /* Pods-AlarmoFireStart.debug.xcconfig */;
			buildSettings = {
				ALWAYS_EMBED_SWIFT_STANDARD_LIBRARIES = YES;
				ASSETCATALOG_COMPILER_APPICON_NAME = AppIcon;
				DEVELOPMENT_TEAM = PG98TTFS9P;
				INFOPLIST_FILE = AlarmoFireStart/Info.plist;
				LD_RUNPATH_SEARCH_PATHS = "$(inherited) @executable_path/Frameworks";
				PRODUCT_BUNDLE_IDENTIFIER = com.kosign.AlarmoFireStart;
				PRODUCT_NAME = "$(TARGET_NAME)";
				SWIFT_VERSION = 3.0;
			};
			name = Debug;
		};
		281A47291E66842E00B6E400 /* Release */ = {
			isa = XCBuildConfiguration;
			baseConfigurationReference = 7A3799069DB8EF6C593C3B78 /* Pods-AlarmoFireStart.release.xcconfig */;
			buildSettings = {
				ALWAYS_EMBED_SWIFT_STANDARD_LIBRARIES = YES;
				ASSETCATALOG_COMPILER_APPICON_NAME = AppIcon;
				DEVELOPMENT_TEAM = PG98TTFS9P;
				INFOPLIST_FILE = AlarmoFireStart/Info.plist;
				LD_RUNPATH_SEARCH_PATHS = "$(inherited) @executable_path/Frameworks";
				PRODUCT_BUNDLE_IDENTIFIER = com.kosign.AlarmoFireStart;
				PRODUCT_NAME = "$(TARGET_NAME)";
				SWIFT_VERSION = 3.0;
			};
			name = Release;
		};
/* End XCBuildConfiguration section */

/* Begin XCConfigurationList section */
		281A47101E66842D00B6E400 /* Build configuration list for PBXProject "AlarmoFireStart" */ = {
			isa = XCConfigurationList;
			buildConfigurations = (
				281A47251E66842E00B6E400 /* Debug */,
				281A47261E66842E00B6E400 /* Release */,
			);
			defaultConfigurationIsVisible = 0;
			defaultConfigurationName = Release;
		};
		281A47271E66842E00B6E400 /* Build configuration list for PBXNativeTarget "AlarmoFireStart" */ = {
			isa = XCConfigurationList;
			buildConfigurations = (
				281A47281E66842E00B6E400 /* Debug */,
				281A47291E66842E00B6E400 /* Release */,
			);
			defaultConfigurationIsVisible = 0;
			defaultConfigurationName = Release;
		};
/* End XCConfigurationList section */
	};
	rootObject = 281A470D1E66842D00B6E400 /* Project object */;
}
